
Microsoft Visual Studio Solution File, Format Version 12.00
# Visual Studio Version 17
VisualStudioVersion = 17.4.33403.182
MinimumVisualStudioVersion = 10.0.40219.1
Project("{9A19103F-16F7-4668-BE54-9A1E7A4F7556}") = "Naval battle", "Naval battle\Naval battle.csproj", "{CCC2AEDD-75FF-46E8-8DF0-7B17A7D334E6}"
EndProject
Project("{FAE04EC0-301F-11D3-BF4B-00C04F79EFBC}") = "Server", "Server\Server.csproj", "{CA895C06-8417-4D0F-8AC7-91A87D683285}"
EndProject
Global
	GlobalSection(SolutionConfigurationPlatforms) = preSolution
		Debug|Any CPU = Debug|Any CPU
		Release|Any CPU = Release|Any CPU
	EndGlobalSection
	GlobalSection(ProjectConfigurationPlatforms) = postSolution
		{CCC2AEDD-75FF-46E8-8DF0-7B17A7D334E6}.Debug|Any CPU.ActiveCfg = Debug|Any CPU
		{CCC2AEDD-75FF-46E8-8DF0-7B17A7D334E6}.Debug|Any CPU.Build.0 = Debug|Any CPU
		{CCC2AEDD-75FF-46E8-8DF0-7B17A7D334E6}.Release|Any CPU.ActiveCfg = Release|Any CPU
		{CCC2AEDD-75FF-46E8-8DF0-7B17A7D334E6}.Release|Any CPU.Build.0 = Release|Any CPU
		{CA895C06-8417-4D0F-8AC7-91A87D683285}.Debug|Any CPU.ActiveCfg = Debug|Any CPU
		{CA895C06-8417-4D0F-8AC7-91A87D683285}.Debug|Any CPU.Build.0 = Debug|Any CPU
		{CA895C06-8417-4D0F-8AC7-91A87D683285}.Release|Any CPU.ActiveCfg = Release|Any CPU
		{CA895C06-8417-4D0F-8AC7-91A87D683285}.Release|Any CPU.Build.0 = Release|Any CPU
	EndGlobalSection
	GlobalSection(SolutionProperties) = preSolution
		HideSolutionNode = FALSE
	EndGlobalSection
	GlobalSection(ExtensibilityGlobals) = postSolution
		SolutionGuid = {F0A36C55-A859-4F0A-B314-9CA8898DE65B}
	EndGlobalSection
EndGlobal
